
Microsoft Visual Studio Solution File, Format Version 12.00
# Visual Studio Version 17
VisualStudioVersion = 17.0.31903.59
MinimumVisualStudioVersion = 10.0.40219.1
Project("{FAE04EC0-301F-11D3-BF4B-00C04F79EFBC}") = "Api", "Api\Api.csproj", "{4A3C735E-8E83-4B26-A0E2-D8028F9D1FD7}"
EndProject
Project("{FAE04EC0-301F-11D3-BF4B-00C04F79EFBC}") = "Application", "Application\Application.csproj", "{1416A628-2163-4AC0-8D62-0556F2A310DE}"
EndProject
Project("{FAE04EC0-301F-11D3-BF4B-00C04F79EFBC}") = "Persistence", "Persistence\Persistence.csproj", "{4C9F9238-3739-4A6F-8D1F-5E742B8246A8}"
EndProject
Project("{FAE04EC0-301F-11D3-BF4B-00C04F79EFBC}") = "Domain", "Domain\Domain.csproj", "{FCB9080C-2096-40AC-9882-95EDF8446748}"
EndProject
Global
	GlobalSection(SolutionConfigurationPlatforms) = preSolution
		Debug|Any CPU = Debug|Any CPU
		Release|Any CPU = Release|Any CPU
	EndGlobalSection
	GlobalSection(SolutionProperties) = preSolution
		HideSolutionNode = FALSE
	EndGlobalSection
	GlobalSection(ProjectConfigurationPlatforms) = postSolution
		{4A3C735E-8E83-4B26-A0E2-D8028F9D1FD7}.Debug|Any CPU.ActiveCfg = Debug|Any CPU
		{4A3C735E-8E83-4B26-A0E2-D8028F9D1FD7}.Debug|Any CPU.Build.0 = Debug|Any CPU
		{4A3C735E-8E83-4B26-A0E2-D8028F9D1FD7}.Release|Any CPU.ActiveCfg = Release|Any CPU
		{4A3C735E-8E83-4B26-A0E2-D8028F9D1FD7}.Release|Any CPU.Build.0 = Release|Any CPU
		{1416A628-2163-4AC0-8D62-0556F2A310DE}.Debug|Any CPU.ActiveCfg = Debug|Any CPU
		{1416A628-2163-4AC0-8D62-0556F2A310DE}.Debug|Any CPU.Build.0 = Debug|Any CPU
		{1416A628-2163-4AC0-8D62-0556F2A310DE}.Release|Any CPU.ActiveCfg = Release|Any CPU
		{1416A628-2163-4AC0-8D62-0556F2A310DE}.Release|Any CPU.Build.0 = Release|Any CPU
		{4C9F9238-3739-4A6F-8D1F-5E742B8246A8}.Debug|Any CPU.ActiveCfg = Debug|Any CPU
		{4C9F9238-3739-4A6F-8D1F-5E742B8246A8}.Debug|Any CPU.Build.0 = Debug|Any CPU
		{4C9F9238-3739-4A6F-8D1F-5E742B8246A8}.Release|Any CPU.ActiveCfg = Release|Any CPU
		{4C9F9238-3739-4A6F-8D1F-5E742B8246A8}.Release|Any CPU.Build.0 = Release|Any CPU
		{FCB9080C-2096-40AC-9882-95EDF8446748}.Debug|Any CPU.ActiveCfg = Debug|Any CPU
		{FCB9080C-2096-40AC-9882-95EDF8446748}.Debug|Any CPU.Build.0 = Debug|Any CPU
		{FCB9080C-2096-40AC-9882-95EDF8446748}.Release|Any CPU.ActiveCfg = Release|Any CPU
		{FCB9080C-2096-40AC-9882-95EDF8446748}.Release|Any CPU.Build.0 = Release|Any CPU
	EndGlobalSection
EndGlobal
